
Microsoft Visual Studio Solution File, Format Version 12.00
# Visual Studio Version 17
VisualStudioVersion = 17.2.32630.192
MinimumVisualStudioVersion = 10.0.40219.1
Project("{9A19103F-16F7-4668-BE54-9A1E7A4F7556}") = "BatchReplacement", "BatchReplacement\BatchReplacement.csproj", "{1010600C-1200-4EBB-9FDD-4EE01229F41C}"
	ProjectSection(ProjectDependencies) = postProject
		{1B5358B4-603C-496C-B6A3-BE939BB66529} = {1B5358B4-603C-496C-B6A3-BE939BB66529}
	EndProjectSection
EndProject
Project("{FAE04EC0-301F-11D3-BF4B-00C04F79EFBC}") = "WpfLibrary1", "WpfLibrary1\WpfLibrary1.csproj", "{1B5358B4-603C-496C-B6A3-BE939BB66529}"
EndProject
Global
	GlobalSection(SolutionConfigurationPlatforms) = preSolution
		Debug|Any CPU = Debug|Any CPU
		Release|Any CPU = Release|Any CPU
	EndGlobalSection
	GlobalSection(ProjectConfigurationPlatforms) = postSolution
		{1010600C-1200-4EBB-9FDD-4EE01229F41C}.Debug|Any CPU.ActiveCfg = Debug|Any CPU
		{1010600C-1200-4EBB-9FDD-4EE01229F41C}.Debug|Any CPU.Build.0 = Debug|Any CPU
		{1010600C-1200-4EBB-9FDD-4EE01229F41C}.Release|Any CPU.ActiveCfg = Release|Any CPU
		{1010600C-1200-4EBB-9FDD-4EE01229F41C}.Release|Any CPU.Build.0 = Release|Any CPU
		{1B5358B4-603C-496C-B6A3-BE939BB66529}.Debug|Any CPU.ActiveCfg = Debug|Any CPU
		{1B5358B4-603C-496C-B6A3-BE939BB66529}.Debug|Any CPU.Build.0 = Debug|Any CPU
		{1B5358B4-603C-496C-B6A3-BE939BB66529}.Release|Any CPU.ActiveCfg = Release|Any CPU
		{1B5358B4-603C-496C-B6A3-BE939BB66529}.Release|Any CPU.Build.0 = Release|Any CPU
	EndGlobalSection
	GlobalSection(SolutionProperties) = preSolution
		HideSolutionNode = FALSE
	EndGlobalSection
	GlobalSection(ExtensibilityGlobals) = postSolution
		SolutionGuid = {62CAE52C-F659-4913-87B0-014A321AAE3F}
	EndGlobalSection
EndGlobal
